# This file was autogenerated by Stack.
# You should not edit this file by hand.
# For more information, please see the documentation at:
#   https://docs.haskellstack.org/en/stable/lock_files

packages:
- completed:
    name: flow
    version: 1.0.22
    git: git@github.com:sullyj3/flow.git
    pantry-tree:
      size: 499
      sha256: 303c702525ece6d9c04e9b67c877ebc35f6087969d9d1808a1cb679f337fb42b
    commit: 13707dbf2522abe0a4ebc1b416d23aa7673585e1
  original:
    git: git@github.com:sullyj3/flow.git
    commit: 13707dbf2522abe0a4ebc1b416d23aa7673585e1
snapshots: []
